schema: '2.0'
stages:
  split:
    cmd: python src/data/split_data.py
    deps:
    - path: data/raw_data
      hash: md5
      md5: 83524b9ab09f4ac15af2c899d45e60eb.dir
      size: 333773
      nfiles: 2
    - path: src/data/split_data.py
      hash: md5
      md5: a8f701e172c1da5f1cd17a7546338ead
      size: 1528
    outs:
    - path: data/processed_data
      hash: md5
      md5: e2b91b4c5defaac512d5ed97d1cb45ca.dir
      size: 13753
      nfiles: 4
